
Microsoft Visual Studio Solution File, Format Version 12.00
# Visual Studio 15
VisualStudioVersion = 15.0.28307.136
MinimumVisualStudioVersion = 10.0.40219.1
Project("{FAE04EC0-301F-11D3-BF4B-00C04F79EFBC}") = "WebsiteCloudProBackOfficeApi", "WebsiteCloudProBackOfficeApi\WebsiteCloudProBackOfficeApi.csproj", "{FF74DDA3-6EE1-4A96-B2A6-568F6D7B2CB3}"
EndProject
Global
	GlobalSection(SolutionConfigurationPlatforms) = preSolution
		Debug|Any CPU = Debug|Any CPU
		Release|Any CPU = Release|Any CPU
	EndGlobalSection
	GlobalSection(ProjectConfigurationPlatforms) = postSolution
		{FF74DDA3-6EE1-4A96-B2A6-568F6D7B2CB3}.Debug|Any CPU.ActiveCfg = Debug|Any CPU
		{FF74DDA3-6EE1-4A96-B2A6-568F6D7B2CB3}.Debug|Any CPU.Build.0 = Debug|Any CPU
		{FF74DDA3-6EE1-4A96-B2A6-568F6D7B2CB3}.Release|Any CPU.ActiveCfg = Release|Any CPU
		{FF74DDA3-6EE1-4A96-B2A6-568F6D7B2CB3}.Release|Any CPU.Build.0 = Release|Any CPU
	EndGlobalSection
	GlobalSection(SolutionProperties) = preSolution
		HideSolutionNode = FALSE
	EndGlobalSection
	GlobalSection(ExtensibilityGlobals) = postSolution
		SolutionGuid = {73314334-23FF-40DD-8DC2-A4E6128BB895}
	EndGlobalSection
EndGlobal
